
Microsoft Visual Studio Solution File, Format Version 12.00
# Visual Studio Version 17
VisualStudioVersion = 17.5.33424.131
MinimumVisualStudioVersion = 10.0.40219.1
Project("{9A19103F-16F7-4668-BE54-9A1E7A4F7556}") = "KnapsackProblem", "KnapsackProblem\KnapsackProblem.csproj", "{FDA81DB5-EF1E-439F-BB5B-77A8F6D9C501}"
EndProject
Project("{9A19103F-16F7-4668-BE54-9A1E7A4F7556}") = "UnitTests", "UnitTests\UnitTests.csproj", "{4A0BC6C9-CD60-44ED-80BE-D791DFF2F109}"
EndProject
Project("{FAE04EC0-301F-11D3-BF4B-00C04F79EFBC}") = "WinFormsApp1", "WinFormsApp1\WinFormsApp1.csproj", "{587403E4-E31A-4F26-BDA2-75ADAE7F105B}"
EndProject
Global
	GlobalSection(SolutionConfigurationPlatforms) = preSolution
		Debug|Any CPU = Debug|Any CPU
		Release|Any CPU = Release|Any CPU
	EndGlobalSection
	GlobalSection(ProjectConfigurationPlatforms) = postSolution
		{FDA81DB5-EF1E-439F-BB5B-77A8F6D9C501}.Debug|Any CPU.ActiveCfg = Debug|Any CPU
		{FDA81DB5-EF1E-439F-BB5B-77A8F6D9C501}.Debug|Any CPU.Build.0 = Debug|Any CPU
		{FDA81DB5-EF1E-439F-BB5B-77A8F6D9C501}.Release|Any CPU.ActiveCfg = Release|Any CPU
		{FDA81DB5-EF1E-439F-BB5B-77A8F6D9C501}.Release|Any CPU.Build.0 = Release|Any CPU
		{4A0BC6C9-CD60-44ED-80BE-D791DFF2F109}.Debug|Any CPU.ActiveCfg = Debug|Any CPU
		{4A0BC6C9-CD60-44ED-80BE-D791DFF2F109}.Debug|Any CPU.Build.0 = Debug|Any CPU
		{4A0BC6C9-CD60-44ED-80BE-D791DFF2F109}.Release|Any CPU.ActiveCfg = Release|Any CPU
		{4A0BC6C9-CD60-44ED-80BE-D791DFF2F109}.Release|Any CPU.Build.0 = Release|Any CPU
		{587403E4-E31A-4F26-BDA2-75ADAE7F105B}.Debug|Any CPU.ActiveCfg = Debug|Any CPU
		{587403E4-E31A-4F26-BDA2-75ADAE7F105B}.Debug|Any CPU.Build.0 = Debug|Any CPU
		{587403E4-E31A-4F26-BDA2-75ADAE7F105B}.Release|Any CPU.ActiveCfg = Release|Any CPU
		{587403E4-E31A-4F26-BDA2-75ADAE7F105B}.Release|Any CPU.Build.0 = Release|Any CPU
	EndGlobalSection
	GlobalSection(SolutionProperties) = preSolution
		HideSolutionNode = FALSE
	EndGlobalSection
	GlobalSection(ExtensibilityGlobals) = postSolution
		SolutionGuid = {C7D476E8-E401-4B3D-ABDC-C2535CA547B0}
	EndGlobalSection
EndGlobal
